
Microsoft Visual Studio Solution File, Format Version 12.00
# Visual Studio Version 16
VisualStudioVersion = 16.0.30413.136
MinimumVisualStudioVersion = 10.0.40219.1
Project("{FAE04EC0-301F-11D3-BF4B-00C04F79EFBC}") = "ClassesFilesDateTime", "ClassesFilesDateTime\ClassesFilesDateTime.csproj", "{6DABE33E-6B3F-4CCD-8625-E96FF0DFA5DC}"
EndProject
Global
	GlobalSection(SolutionConfigurationPlatforms) = preSolution
		Debug|Any CPU = Debug|Any CPU
		Release|Any CPU = Release|Any CPU
	EndGlobalSection
	GlobalSection(ProjectConfigurationPlatforms) = postSolution
		{6DABE33E-6B3F-4CCD-8625-E96FF0DFA5DC}.Debug|Any CPU.ActiveCfg = Debug|Any CPU
		{6DABE33E-6B3F-4CCD-8625-E96FF0DFA5DC}.Debug|Any CPU.Build.0 = Debug|Any CPU
		{6DABE33E-6B3F-4CCD-8625-E96FF0DFA5DC}.Release|Any CPU.ActiveCfg = Release|Any CPU
		{6DABE33E-6B3F-4CCD-8625-E96FF0DFA5DC}.Release|Any CPU.Build.0 = Release|Any CPU
	EndGlobalSection
	GlobalSection(SolutionProperties) = preSolution
		HideSolutionNode = FALSE
	EndGlobalSection
	GlobalSection(ExtensibilityGlobals) = postSolution
		SolutionGuid = {125B88B6-5737-4B3B-9244-5B45CCA5AF55}
	EndGlobalSection
EndGlobal
