
Microsoft Visual Studio Solution File, Format Version 12.00
# Visual Studio Version 16
VisualStudioVersion = 16.0.30413.136
MinimumVisualStudioVersion = 10.0.40219.1
Project("{FAE04EC0-301F-11D3-BF4B-00C04F79EFBC}") = "WPF1", "WPFClasses\WPF1.csproj", "{31E9A86C-1400-4063-9F87-886CC2169A6A}"
EndProject
Project("{FAE04EC0-301F-11D3-BF4B-00C04F79EFBC}") = "WPFClasses2", "WPFClasses2\WPFClasses2.csproj", "{B9FF6BCA-972D-4153-AB31-18336E6B479C}"
EndProject
Global
	GlobalSection(SolutionConfigurationPlatforms) = preSolution
		Debug|Any CPU = Debug|Any CPU
		Release|Any CPU = Release|Any CPU
	EndGlobalSection
	GlobalSection(ProjectConfigurationPlatforms) = postSolution
		{31E9A86C-1400-4063-9F87-886CC2169A6A}.Debug|Any CPU.ActiveCfg = Debug|Any CPU
		{31E9A86C-1400-4063-9F87-886CC2169A6A}.Debug|Any CPU.Build.0 = Debug|Any CPU
		{31E9A86C-1400-4063-9F87-886CC2169A6A}.Release|Any CPU.ActiveCfg = Release|Any CPU
		{31E9A86C-1400-4063-9F87-886CC2169A6A}.Release|Any CPU.Build.0 = Release|Any CPU
		{B9FF6BCA-972D-4153-AB31-18336E6B479C}.Debug|Any CPU.ActiveCfg = Debug|Any CPU
		{B9FF6BCA-972D-4153-AB31-18336E6B479C}.Debug|Any CPU.Build.0 = Debug|Any CPU
		{B9FF6BCA-972D-4153-AB31-18336E6B479C}.Release|Any CPU.ActiveCfg = Release|Any CPU
		{B9FF6BCA-972D-4153-AB31-18336E6B479C}.Release|Any CPU.Build.0 = Release|Any CPU
	EndGlobalSection
	GlobalSection(SolutionProperties) = preSolution
		HideSolutionNode = FALSE
	EndGlobalSection
	GlobalSection(ExtensibilityGlobals) = postSolution
		SolutionGuid = {DCC6FE5E-52C4-4737-A415-19AD64C23FF7}
	EndGlobalSection
EndGlobal
